
Microsoft Visual Studio Solution File, Format Version 12.00
# Visual Studio 15
VisualStudioVersion = 15.0.27428.2015
MinimumVisualStudioVersion = 10.0.40219.1
Project("{FAE04EC0-301F-11D3-BF4B-00C04F79EFBC}") = "SPZ_LB_4", "SPZ_LB_4\SPZ_LB_4.csproj", "{9E5C4F1E-8E2C-4799-BAAB-69ED9102B7A7}"
EndProject
Global
	GlobalSection(SolutionConfigurationPlatforms) = preSolution
		Debug|Any CPU = Debug|Any CPU
		Release|Any CPU = Release|Any CPU
	EndGlobalSection
	GlobalSection(ProjectConfigurationPlatforms) = postSolution
		{9E5C4F1E-8E2C-4799-BAAB-69ED9102B7A7}.Debug|Any CPU.ActiveCfg = Debug|Any CPU
		{9E5C4F1E-8E2C-4799-BAAB-69ED9102B7A7}.Debug|Any CPU.Build.0 = Debug|Any CPU
		{9E5C4F1E-8E2C-4799-BAAB-69ED9102B7A7}.Release|Any CPU.ActiveCfg = Release|Any CPU
		{9E5C4F1E-8E2C-4799-BAAB-69ED9102B7A7}.Release|Any CPU.Build.0 = Release|Any CPU
	EndGlobalSection
	GlobalSection(SolutionProperties) = preSolution
		HideSolutionNode = FALSE
	EndGlobalSection
	GlobalSection(ExtensibilityGlobals) = postSolution
		SolutionGuid = {823C4CA3-FB5F-4C45-9E40-7DEB0300D954}
	EndGlobalSection
EndGlobal
